
Microsoft Visual Studio Solution File, Format Version 12.00
# Visual Studio Version 16
VisualStudioVersion = 16.0.31402.337
MinimumVisualStudioVersion = 10.0.40219.1
Project("{FAE04EC0-301F-11D3-BF4B-00C04F79EFBC}") = "Domain", "Domain\Domain.csproj", "{D29FE511-D396-4312-84F2-C8E7C841427E}"
EndProject
Project("{FAE04EC0-301F-11D3-BF4B-00C04F79EFBC}") = "Infraestructure", "Infraestructure\Infraestructure.csproj", "{24E4DDFB-C361-473E-B3E7-1E86227D1BDA}"
EndProject
Project("{FAE04EC0-301F-11D3-BF4B-00C04F79EFBC}") = "APIFactura", "APIFactura\APIFactura.csproj", "{F9759257-442B-4B71-BA32-E5F85DCCF173}"
EndProject
Global
	GlobalSection(SolutionConfigurationPlatforms) = preSolution
		Debug|Any CPU = Debug|Any CPU
		Release|Any CPU = Release|Any CPU
	EndGlobalSection
	GlobalSection(ProjectConfigurationPlatforms) = postSolution
		{D29FE511-D396-4312-84F2-C8E7C841427E}.Debug|Any CPU.ActiveCfg = Debug|Any CPU
		{D29FE511-D396-4312-84F2-C8E7C841427E}.Debug|Any CPU.Build.0 = Debug|Any CPU
		{D29FE511-D396-4312-84F2-C8E7C841427E}.Release|Any CPU.ActiveCfg = Release|Any CPU
		{D29FE511-D396-4312-84F2-C8E7C841427E}.Release|Any CPU.Build.0 = Release|Any CPU
		{24E4DDFB-C361-473E-B3E7-1E86227D1BDA}.Debug|Any CPU.ActiveCfg = Debug|Any CPU
		{24E4DDFB-C361-473E-B3E7-1E86227D1BDA}.Debug|Any CPU.Build.0 = Debug|Any CPU
		{24E4DDFB-C361-473E-B3E7-1E86227D1BDA}.Release|Any CPU.ActiveCfg = Release|Any CPU
		{24E4DDFB-C361-473E-B3E7-1E86227D1BDA}.Release|Any CPU.Build.0 = Release|Any CPU
		{F9759257-442B-4B71-BA32-E5F85DCCF173}.Debug|Any CPU.ActiveCfg = Debug|Any CPU
		{F9759257-442B-4B71-BA32-E5F85DCCF173}.Debug|Any CPU.Build.0 = Debug|Any CPU
		{F9759257-442B-4B71-BA32-E5F85DCCF173}.Release|Any CPU.ActiveCfg = Release|Any CPU
		{F9759257-442B-4B71-BA32-E5F85DCCF173}.Release|Any CPU.Build.0 = Release|Any CPU
	EndGlobalSection
	GlobalSection(SolutionProperties) = preSolution
		HideSolutionNode = FALSE
	EndGlobalSection
	GlobalSection(ExtensibilityGlobals) = postSolution
		SolutionGuid = {F1448E6D-E359-4111-81B5-350CFD0C2847}
	EndGlobalSection
EndGlobal
